// !$*UTF8*$!
{
	archiveVersion = 1;
	classes = {
	};
	objectVersion = 50;
	objects = {

/* Begin PBXBuildFile section */
		42B0E4D22414548E000B7B4D /* AppDelegate.swift in Sources */ = {isa = PBXBuildFile; fileRef = 42B0E4D12414548E000B7B4D /* AppDelegate.swift */; };
		42B0E4D42414548E000B7B4D /* SceneDelegate.swift in Sources */ = {isa = PBXBuildFile; fileRef = 42B0E4D32414548E000B7B4D /* SceneDelegate.swift */; };
		42B0E4D72414548E000B7B4D /* Landmarks.xcdatamodeld in Sources */ = {isa = PBXBuildFile; fileRef = 42B0E4D52414548E000B7B4D /* Landmarks.xcdatamodeld */; };
		42B0E4D92414548E000B7B4D /* ContentView.swift in Sources */ = {isa = PBXBuildFile; fileRef = 42B0E4D82414548E000B7B4D /* ContentView.swift */; };
		42B0E4DB24145490000B7B4D /* Assets.xcassets in Resources */ = {isa = PBXBuildFile; fileRef = 42B0E4DA24145490000B7B4D /* Assets.xcassets */; };
		42B0E4DE24145490000B7B4D /* Preview Assets.xcassets in Resources */ = {isa = PBXBuildFile; fileRef = 42B0E4DD24145490000B7B4D /* Preview Assets.xcassets */; };
		42B0E4E124145490000B7B4D /* LaunchScreen.storyboard in Resources */ = {isa = PBXBuildFile; fileRef = 42B0E4DF24145490000B7B4D /* LaunchScreen.storyboard */; };
		42B0E4EC24145490000B7B4D /* LandmarksTests.swift in Sources */ = {isa = PBXBuildFile; fileRef = 42B0E4EB24145490000B7B4D /* LandmarksTests.swift */; };
		42B0E4F724145490000B7B4D /* LandmarksUITests.swift in Sources */ = {isa = PBXBuildFile; fileRef = 42B0E4F624145490000B7B4D /* LandmarksUITests.swift */; };
/* End PBXBuildFile section */

/* Begin PBXContainerItemProxy section */
		42B0E4E824145490000B7B4D /* PBXContainerItemProxy */ = {
			isa = PBXContainerItemProxy;
			containerPortal = 42B0E4C62414548E000B7B4D /* Project object */;
			proxyType = 1;
			remoteGlobalIDString = 42B0E4CD2414548E000B7B4D;
			remoteInfo = Landmarks;
		};
		42B0E4F324145490000B7B4D /* PBXContainerItemProxy */ = {
			isa = PBXContainerItemProxy;
			containerPortal = 42B0E4C62414548E000B7B4D /* Project object */;
			proxyType = 1;
			remoteGlobalIDString = 42B0E4CD2414548E000B7B4D;
			remoteInfo = Landmarks;
		};
/* End PBXContainerItemProxy section */

/* Begin PBXFileReference section */
		42B0E4CE2414548E000B7B4D /* Landmarks.app */ = {isa = PBXFileReference; explicitFileType = wrapper.application; includeInIndex = 0; path = Landmarks.app; sourceTree = BUILT_PRODUCTS_DIR; };
		42B0E4D12414548E000B7B4D /* AppDelegate.swift */ = {isa = PBXFileReference; lastKnownFileType = sourcecode.swift; path = AppDelegate.swift; sourceTree = "<group>"; };
		42B0E4D32414548E000B7B4D /* SceneDelegate.swift */ = {isa = PBXFileReference; lastKnownFileType = sourcecode.swift; path = SceneDelegate.swift; sourceTree = "<group>"; };
		42B0E4D62414548E000B7B4D /* Landmarks.xcdatamodel */ = {isa = PBXFileReference; lastKnownFileType = wrapper.xcdatamodel; path = Landmarks.xcdatamodel; sourceTree = "<group>"; };
		42B0E4D82414548E000B7B4D /* ContentView.swift */ = {isa = PBXFileReference; lastKnownFileType = sourcecode.swift; path = ContentView.swift; sourceTree = "<group>"; };
		42B0E4DA24145490000B7B4D /* Assets.xcassets */ = {isa = PBXFileReference; lastKnownFileType = folder.assetcatalog; path = Assets.xcassets; sourceTree = "<group>"; };
		42B0E4DD24145490000B7B4D /* Preview Assets.xcassets */ = {isa = PBXFileReference; lastKnownFileType = folder.assetcatalog; path = "Preview Assets.xcassets"; sourceTree = "<group>"; };
		42B0E4E024145490000B7B4D /* Base */ = {isa = PBXFileReference; lastKnownFileType = file.storyboard; name = Base; path = Base.lproj/LaunchScreen.storyboard; sourceTree = "<group>"; };
		42B0E4E224145490000B7B4D /* Info.plist */ = {isa = PBXFileReference; lastKnownFileType = text.plist.xml; path = Info.plist; sourceTree = "<group>"; };
		42B0E4E724145490000B7B4D /* LandmarksTests.xctest */ = {isa = PBXFileReference; explicitFileType = wrapper.cfbundle; includeInIndex = 0; path = LandmarksTests.xctest; sourceTree = BUILT_PRODUCTS_DIR; };
		42B0E4EB24145490000B7B4D /* LandmarksTests.swift */ = {isa = PBXFileReference; lastKnownFileType = sourcecode.swift; path = LandmarksTests.swift; sourceTree = "<group>"; };
		42B0E4ED24145490000B7B4D /* Info.plist */ = {isa = PBXFileReference; lastKnownFileType = text.plist.xml; path = Info.plist; sourceTree = "<group>"; };
		42B0E4F224145490000B7B4D /* LandmarksUITests.xctest */ = {isa = PBXFileReference; explicitFileType = wrapper.cfbundle; includeInIndex = 0; path = LandmarksUITests.xctest; sourceTree = BUILT_PRODUCTS_DIR; };
		42B0E4F624145490000B7B4D /* LandmarksUITests.swift */ = {isa = PBXFileReference; lastKnownFileType = sourcecode.swift; path = LandmarksUITests.swift; sourceTree = "<group>"; };
		42B0E4F824145490000B7B4D /* Info.plist */ = {isa = PBXFileReference; lastKnownFileType = text.plist.xml; path = Info.plist; sourceTree = "<group>"; };
/* End PBXFileReference section */

/* Begin PBXFrameworksBuildPhase section */
		42B0E4CB2414548E000B7B4D /* Frameworks */ = {
			isa = PBXFrameworksBuildPhase;
			buildActionMask = 2147483647;
			files = (
			);
			runOnlyForDeploymentPostprocessing = 0;
		};
		42B0E4E424145490000B7B4D /* Frameworks */ = {
			isa = PBXFrameworksBuildPhase;
			buildActionMask = 2147483647;
			files = (
			);
			runOnlyForDeploymentPostprocessing = 0;
		};
		42B0E4EF24145490000B7B4D /* Frameworks */ = {
			isa = PBXFrameworksBuildPhase;
			buildActionMask = 2147483647;
			files = (
			);
			runOnlyForDeploymentPostprocessing = 0;
		};
/* End PBXFrameworksBuildPhase section */

/* Begin PBXGroup section */
		42B0E4C52414548E000B7B4D = {
			isa = PBXGroup;
			children = (
				42B0E4D02414548E000B7B4D /* Landmarks */,
				42B0E4EA24145490000B7B4D /* LandmarksTests */,
				42B0E4F524145490000B7B4D /* LandmarksUITests */,
				42B0E4CF2414548E000B7B4D /* Products */,
			);
			sourceTree = "<group>";
		};
		42B0E4CF2414548E000B7B4D /* Products */ = {
			isa = PBXGroup;
			children = (
				42B0E4CE2414548E000B7B4D /* Landmarks.app */,
				42B0E4E724145490000B7B4D /* LandmarksTests.xctest */,
				42B0E4F224145490000B7B4D /* LandmarksUITests.xctest */,
			);
			name = Products;
			sourceTree = "<group>";
		};
		42B0E4D02414548E000B7B4D /* Landmarks */ = {
			isa = PBXGroup;
			children = (
				42B0E4D12414548E000B7B4D /* AppDelegate.swift */,
				42B0E4D32414548E000B7B4D /* SceneDelegate.swift */,
				42B0E4D82414548E000B7B4D /* ContentView.swift */,
				42B0E4DA24145490000B7B4D /* Assets.xcassets */,
				42B0E4DF24145490000B7B4D /* LaunchScreen.storyboard */,
				42B0E4E224145490000B7B4D /* Info.plist */,
				42B0E4D52414548E000B7B4D /* Landmarks.xcdatamodeld */,
				42B0E4DC24145490000B7B4D /* Preview Content */,
			);
			path = Landmarks;
			sourceTree = "<group>";
		};
		42B0E4DC24145490000B7B4D /* Preview Content */ = {
			isa = PBXGroup;
			children = (
				42B0E4DD24145490000B7B4D /* Preview Assets.xcassets */,
			);
			path = "Preview Content";
			sourceTree = "<group>";
		};
		42B0E4EA24145490000B7B4D /* LandmarksTests */ = {
			isa = PBXGroup;
			children = (
				42B0E4EB24145490000B7B4D /* LandmarksTests.swift */,
				42B0E4ED24145490000B7B4D /* Info.plist */,
			);
			path = LandmarksTests;
			sourceTree = "<group>";
		};
		42B0E4F524145490000B7B4D /* LandmarksUITests */ = {
			isa = PBXGroup;
			children = (
				42B0E4F624145490000B7B4D /* LandmarksUITests.swift */,
				42B0E4F824145490000B7B4D /* Info.plist */,
			);
			path = LandmarksUITests;
			sourceTree = "<group>";
		};
/* End PBXGroup section */

/* Begin PBXNativeTarget section */
		42B0E4CD2414548E000B7B4D /* Landmarks */ = {
			isa = PBXNativeTarget;
			buildConfigurationList = 42B0E4FB24145490000B7B4D /* Build configuration list for PBXNativeTarget "Landmarks" */;
			buildPhases = (
				42B0E4CA2414548E000B7B4D /* Sources */,
				42B0E4CB2414548E000B7B4D /* Frameworks */,
				42B0E4CC2414548E000B7B4D /* Resources */,
			);
			buildRules = (
			);
			dependencies = (
			);
			name = Landmarks;
			productName = Landmarks;
			productReference = 42B0E4CE2414548E000B7B4D /* Landmarks.app */;
			productType = "com.apple.product-type.application";
		};
		42B0E4E624145490000B7B4D /* LandmarksTests */ = {
			isa = PBXNativeTarget;
			buildConfigurationList = 42B0E4FE24145490000B7B4D /* Build configuration list for PBXNativeTarget "LandmarksTests" */;
			buildPhases = (
				42B0E4E324145490000B7B4D /* Sources */,
				42B0E4E424145490000B7B4D /* Frameworks */,
				42B0E4E524145490000B7B4D /* Resources */,
			);
			buildRules = (
			);
			dependencies = (
				42B0E4E924145490000B7B4D /* PBXTargetDependency */,
			);
			name = LandmarksTests;
			productName = LandmarksTests;
			productReference = 42B0E4E724145490000B7B4D /* LandmarksTests.xctest */;
			productType = "com.apple.product-type.bundle.unit-test";
		};
		42B0E4F124145490000B7B4D /* LandmarksUITests */ = {
			isa = PBXNativeTarget;
			buildConfigurationList = 42B0E50124145490000B7B4D /* Build configuration list for PBXNativeTarget "LandmarksUITests" */;
			buildPhases = (
				42B0E4EE24145490000B7B4D /* Sources */,
				42B0E4EF24145490000B7B4D /* Frameworks */,
				42B0E4F024145490000B7B4D /* Resources */,
			);
			buildRules = (
			);
			dependencies = (
				42B0E4F424145490000B7B4D /* PBXTargetDependency */,
			);
			name = LandmarksUITests;
			productName = LandmarksUITests;
			productReference = 42B0E4F224145490000B7B4D /* LandmarksUITests.xctest */;
			productType = "com.apple.product-type.bundle.ui-testing";
		};
/* End PBXNativeTarget section */

/* Begin PBXProject section */
		42B0E4C62414548E000B7B4D /* Project object */ = {
			isa = PBXProject;
			attributes = {
				LastSwiftUpdateCheck = 1130;
				LastUpgradeCheck = 1130;
				ORGANIZATIONNAME = "Jake Xia";
				TargetAttributes = {
					42B0E4CD2414548E000B7B4D = {
						CreatedOnToolsVersion = 11.3.1;
					};
					42B0E4E624145490000B7B4D = {
						CreatedOnToolsVersion = 11.3.1;
						TestTargetID = 42B0E4CD2414548E000B7B4D;
					};
					42B0E4F124145490000B7B4D = {
						CreatedOnToolsVersion = 11.3.1;
						TestTargetID = 42B0E4CD2414548E000B7B4D;
					};
				};
			};
			buildConfigurationList = 42B0E4C92414548E000B7B4D /* Build configuration list for PBXProject "Landmarks" */;
			compatibilityVersion = "Xcode 9.3";
			developmentRegion = en;
			hasScannedForEncodings = 0;
			knownRegions = (
				en,
				Base,
			);
			mainGroup = 42B0E4C52414548E000B7B4D;
			productRefGroup = 42B0E4CF2414548E000B7B4D /* Products */;
			projectDirPath = "";
			projectRoot = "";
			targets = (
				42B0E4CD2414548E000B7B4D /* Landmarks */,
				42B0E4E624145490000B7B4D /* LandmarksTests */,
				42B0E4F124145490000B7B4D /* LandmarksUITests */,
			);
		};
/* End PBXProject section */

/* Begin PBXResourcesBuildPhase section */
		42B0E4CC2414548E000B7B4D /* Resources */ = {
			isa = PBXResourcesBuildPhase;
			buildActionMask = 2147483647;
			files = (
				42B0E4E124145490000B7B4D /* LaunchScreen.storyboard in Resources */,
				42B0E4DE24145490000B7B4D /* Preview Assets.xcassets in Resources */,
				42B0E4DB24145490000B7B4D /* Assets.xcassets in Resources */,
			);
			runOnlyForDeploymentPostprocessing = 0;
		};
		42B0E4E524145490000B7B4D /* Resources */ = {
			isa = PBXResourcesBuildPhase;
			buildActionMask = 2147483647;
			files = (
			);
			runOnlyForDeploymentPostprocessing = 0;
		};
		42B0E4F024145490000B7B4D /* Resources */ = {
			isa = PBXResourcesBuildPhase;
			buildActionMask = 2147483647;
			files = (
			);
			runOnlyForDeploymentPostprocessing = 0;
		};
/* End PBXResourcesBuildPhase section */

/* Begin PBXSourcesBuildPhase section */
		42B0E4CA2414548E000B7B4D /* Sources */ = {
			isa = PBXSourcesBuildPhase;
			buildActionMask = 2147483647;
			files = (
				42B0E4D22414548E000B7B4D /* AppDelegate.swift in Sources */,
				42B0E4D42414548E000B7B4D /* SceneDelegate.swift in Sources */,
				42B0E4D92414548E000B7B4D /* ContentView.swift in Sources */,
				42B0E4D72414548E000B7B4D /* Landmarks.xcdatamodeld in Sources */,
			);
			runOnlyForDeploymentPostprocessing = 0;
		};
		42B0E4E324145490000B7B4D /* Sources */ = {
			isa = PBXSourcesBuildPhase;
			buildActionMask = 2147483647;
			files = (
				42B0E4EC24145490000B7B4D /* LandmarksTests.swift in Sources */,
			);
			runOnlyForDeploymentPostprocessing = 0;
		};
		42B0E4EE24145490000B7B4D /* Sources */ = {
			isa = PBXSourcesBuildPhase;
			buildActionMask = 2147483647;
			files = (
				42B0E4F724145490000B7B4D /* LandmarksUITests.swift in Sources */,
			);
			runOnlyForDeploymentPostprocessing = 0;
		};
/* End PBXSourcesBuildPhase section */

/* Begin PBXTargetDependency section */
		42B0E4E924145490000B7B4D /* PBXTargetDependency */ = {
			isa = PBXTargetDependency;
			target = 42B0E4CD2414548E000B7B4D /* Landmarks */;
			targetProxy = 42B0E4E824145490000B7B4D /* PBXContainerItemProxy */;
		};
		42B0E4F424145490000B7B4D /* PBXTargetDependency */ = {
			isa = PBXTargetDependency;
			target = 42B0E4CD2414548E000B7B4D /* Landmarks */;
			targetProxy = 42B0E4F324145490000B7B4D /* PBXContainerItemProxy */;
		};
/* End PBXTargetDependency section */

/* Begin PBXVariantGroup section */
		42B0E4DF24145490000B7B4D /* LaunchScreen.storyboard */ = {
			isa = PBXVariantGroup;
			children = (
				42B0E4E024145490000B7B4D /* Base */,
			);
			name = LaunchScreen.storyboard;
			sourceTree = "<group>";
		};
/* End PBXVariantGroup section */

/* Begin XCBuildConfiguration section */
		42B0E4F924145490000B7B4D /* Debug */ = {
			isa = XCBuildConfiguration;
			buildSettings = {
				ALWAYS_SEARCH_USER_PATHS = NO;
				CLANG_ANALYZER_NONNULL = YES;
				CLANG_ANALYZER_NUMBER_OBJECT_CONVERSION = YES_AGGRESSIVE;
				CLANG_CXX_LANGUAGE_STANDARD = "gnu++14";
				CLANG_CXX_LIBRARY = "libc++";
				CLANG_ENABLE_MODULES = YES;
				CLANG_ENABLE_OBJC_ARC = YES;
				CLANG_ENABLE_OBJC_WEAK = YES;
				CLANG_WARN_BLOCK_CAPTURE_AUTORELEASING = YES;
				CLANG_WARN_BOOL_CONVERSION = YES;
				CLANG_WARN_COMMA = YES;
				CLANG_WARN_CONSTANT_CONVERSION = YES;
				CLANG_WARN_DEPRECATED_OBJC_IMPLEMENTATIONS = YES;
				CLANG_WARN_DIRECT_OBJC_ISA_USAGE = YES_ERROR;
				CLANG_WARN_DOCUMENTATION_COMMENTS = YES;
				CLANG_WARN_EMPTY_BODY = YES;
				CLANG_WARN_ENUM_CONVERSION = YES;
				CLANG_WARN_INFINITE_RECURSION = YES;
				CLANG_WARN_INT_CONVERSION = YES;
				CLANG_WARN_NON_LITERAL_NULL_CONVERSION = YES;
				CLANG_WARN_OBJC_IMPLICIT_RETAIN_SELF = YES;
				CLANG_WARN_OBJC_LITERAL_CONVERSION = YES;
				CLANG_WARN_OBJC_ROOT_CLASS = YES_ERROR;
				CLANG_WARN_RANGE_LOOP_ANALYSIS = YES;
				CLANG_WARN_STRICT_PROTOTYPES = YES;
				CLANG_WARN_SUSPICIOUS_MOVE = YES;
				CLANG_WARN_UNGUARDED_AVAILABILITY = YES_AGGRESSIVE;
				CLANG_WARN_UNREACHABLE_CODE = YES;
				CLANG_WARN__DUPLICATE_METHOD_MATCH = YES;
				COPY_PHASE_STRIP = NO;
				DEBUG_INFORMATION_FORMAT = dwarf;
				ENABLE_STRICT_OBJC_MSGSEND = YES;
				ENABLE_TESTABILITY = YES;
				GCC_C_LANGUAGE_STANDARD = gnu11;
				GCC_DYNAMIC_NO_PIC = NO;
				GCC_NO_COMMON_BLOCKS = YES;
				GCC_OPTIMIZATION_LEVEL = 0;
				GCC_PREPROCESSOR_DEFINITIONS = (
					"DEBUG=1",
					"$(inherited)",
				);
				GCC_WARN_64_TO_32_BIT_CONVERSION = YES;
				GCC_WARN_ABOUT_RETURN_TYPE = YES_ERROR;
				GCC_WARN_UNDECLARED_SELECTOR = YES;
				GCC_WARN_UNINITIALIZED_AUTOS = YES_AGGRESSIVE;
				GCC_WARN_UNUSED_FUNCTION = YES;
				GCC_WARN_UNUSED_VARIABLE = YES;
				IPHONEOS_DEPLOYMENT_TARGET = 13.2;
				MTL_ENABLE_DEBUG_INFO = INCLUDE_SOURCE;
				MTL_FAST_MATH = YES;
				ONLY_ACTIVE_ARCH = YES;
				SDKROOT = iphoneos;
				SWIFT_ACTIVE_COMPILATION_CONDITIONS = DEBUG;
				SWIFT_OPTIMIZATION_LEVEL = "-Onone";
			};
			name = Debug;
		};
		42B0E4FA24145490000B7B4D /* Release */ = {
			isa = XCBuildConfiguration;
			buildSettings = {
				ALWAYS_SEARCH_USER_PATHS = NO;
				CLANG_ANALYZER_NONNULL = YES;
				CLANG_ANALYZER_NUMBER_OBJECT_CONVERSION = YES_AGGRESSIVE;
				CLANG_CXX_LANGUAGE_STANDARD = "gnu++14";
				CLANG_CXX_LIBRARY = "libc++";
				CLANG_ENABLE_MODULES = YES;
				CLANG_ENABLE_OBJC_ARC = YES;
				CLANG_ENABLE_OBJC_WEAK = YES;
				CLANG_WARN_BLOCK_CAPTURE_AUTORELEASING = YES;
				CLANG_WARN_BOOL_CONVERSION = YES;
				CLANG_WARN_COMMA = YES;
				CLANG_WARN_CONSTANT_CONVERSION = YES;
				CLANG_WARN_DEPRECATED_OBJC_IMPLEMENTATIONS = YES;
				CLANG_WARN_DIRECT_OBJC_ISA_USAGE = YES_ERROR;
				CLANG_WARN_DOCUMENTATION_COMMENTS = YES;
				CLANG_WARN_EMPTY_BODY = YES;
				CLANG_WARN_ENUM_CONVERSION = YES;
				CLANG_WARN_INFINITE_RECURSION = YES;
				CLANG_WARN_INT_CONVERSION = YES;
				CLANG_WARN_NON_LITERAL_NULL_CONVERSION = YES;
				CLANG_WARN_OBJC_IMPLICIT_RETAIN_SELF = YES;
				CLANG_WARN_OBJC_LITERAL_CONVERSION = YES;
				CLANG_WARN_OBJC_ROOT_CLASS = YES_ERROR;
				CLANG_WARN_RANGE_LOOP_ANALYSIS = YES;
				CLANG_WARN_STRICT_PROTOTYPES = YES;
				CLANG_WARN_SUSPICIOUS_MOVE = YES;
				CLANG_WARN_UNGUARDED_AVAILABILITY = YES_AGGRESSIVE;
				CLANG_WARN_UNREACHABLE_CODE = YES;
				CLANG_WARN__DUPLICATE_METHOD_MATCH = YES;
				COPY_PHASE_STRIP = NO;
				DEBUG_INFORMATION_FORMAT = "dwarf-with-dsym";
				ENABLE_NS_ASSERTIONS = NO;
				ENABLE_STRICT_OBJC_MSGSEND = YES;
				GCC_C_LANGUAGE_STANDARD = gnu11;
				GCC_NO_COMMON_BLOCKS = YES;
				GCC_WARN_64_TO_32_BIT_CONVERSION = YES;
				GCC_WARN_ABOUT_RETURN_TYPE = YES_ERROR;
				GCC_WARN_UNDECLARED_SELECTOR = YES;
				GCC_WARN_UNINITIALIZED_AUTOS = YES_AGGRESSIVE;
				GCC_WARN_UNUSED_FUNCTION = YES;
				GCC_WARN_UNUSED_VARIABLE = YES;
				IPHONEOS_DEPLOYMENT_TARGET = 13.2;
				MTL_ENABLE_DEBUG_INFO = NO;
				MTL_FAST_MATH = YES;
				SDKROOT = iphoneos;
				SWIFT_COMPILATION_MODE = wholemodule;
				SWIFT_OPTIMIZATION_LEVEL = "-O";
				VALIDATE_PRODUCT = YES;
			};
			name = Release;
		};
		42B0E4FC24145490000B7B4D /* Debug */ = {
			isa = XCBuildConfiguration;
			buildSettings = {
				ASSETCATALOG_COMPILER_APPICON_NAME = AppIcon;
				CODE_SIGN_STYLE = Automatic;
				DEVELOPMENT_ASSET_PATHS = "\"Landmarks/Preview Content\"";
				DEVELOPMENT_TEAM = KEX6V3G4UF;
				ENABLE_PREVIEWS = YES;
				INFOPLIST_FILE = Landmarks/Info.plist;
				LD_RUNPATH_SEARCH_PATHS = (
					"$(inherited)",
					"@executable_path/Frameworks",
				);
				PRODUCT_BUNDLE_IDENTIFIER = jake.Landmarks;
				PRODUCT_NAME = "$(TARGET_NAME)";
				SWIFT_VERSION = 5.0;
				TARGETED_DEVICE_FAMILY = "1,2";
			};
			name = Debug;
		};
		42B0E4FD24145490000B7B4D /* Release */ = {
			isa = XCBuildConfiguration;
			buildSettings = {
				ASSETCATALOG_COMPILER_APPICON_NAME = AppIcon;
				CODE_SIGN_STYLE = Automatic;
				DEVELOPMENT_ASSET_PATHS = "\"Landmarks/Preview Content\"";
				DEVELOPMENT_TEAM = KEX6V3G4UF;
				ENABLE_PREVIEWS = YES;
				INFOPLIST_FILE = Landmarks/Info.plist;
				LD_RUNPATH_SEARCH_PATHS = (
					"$(inherited)",
					"@executable_path/Frameworks",
				);
				PRODUCT_BUNDLE_IDENTIFIER = jake.Landmarks;
				PRODUCT_NAME = "$(TARGET_NAME)";
				SWIFT_VERSION = 5.0;
				TARGETED_DEVICE_FAMILY = "1,2";
			};
			name = Release;
		};
		42B0E4FF24145490000B7B4D /* Debug */ = {
			isa = XCBuildConfiguration;
			buildSettings = {
				ALWAYS_EMBED_SWIFT_STANDARD_LIBRARIES = YES;
				BUNDLE_LOADER = "$(TEST_HOST)";
				CODE_SIGN_STYLE = Automatic;
				DEVELOPMENT_TEAM = KEX6V3G4UF;
				INFOPLIST_FILE = LandmarksTests/Info.plist;
				IPHONEOS_DEPLOYMENT_TARGET = 13.2;
				LD_RUNPATH_SEARCH_PATHS = (
					"$(inherited)",
					"@executable_path/Frameworks",
					"@loader_path/Frameworks",
				);
				PRODUCT_BUNDLE_IDENTIFIER = jake.LandmarksTests;
				PRODUCT_NAME = "$(TARGET_NAME)";
				SWIFT_VERSION = 5.0;
				TARGETED_DEVICE_FAMILY = "1,2";
				TEST_HOST = "$(BUILT_PRODUCTS_DIR)/Landmarks.app/Landmarks";
			};
			name = Debug;
		};
		42B0E50024145490000B7B4D /* Release */ = {
			isa = XCBuildConfiguration;
			buildSettings = {
				ALWAYS_EMBED_SWIFT_STANDARD_LIBRARIES = YES;
				BUNDLE_LOADER = "$(TEST_HOST)";
				CODE_SIGN_STYLE = Automatic;
				DEVELOPMENT_TEAM = KEX6V3G4UF;
				INFOPLIST_FILE = LandmarksTests/Info.plist;
				IPHONEOS_DEPLOYMENT_TARGET = 13.2;
				LD_RUNPATH_SEARCH_PATHS = (
					"$(inherited)",
					"@executable_path/Frameworks",
					"@loader_path/Frameworks",
				);
				PRODUCT_BUNDLE_IDENTIFIER = jake.LandmarksTests;
				PRODUCT_NAME = "$(TARGET_NAME)";
				SWIFT_VERSION = 5.0;
				TARGETED_DEVICE_FAMILY = "1,2";
				TEST_HOST = "$(BUILT_PRODUCTS_DIR)/Landmarks.app/Landmarks";
			};
			name = Release;
		};
		42B0E50224145490000B7B4D /* Debug */ = {
			isa = XCBuildConfiguration;
			buildSettings = {
				ALWAYS_EMBED_SWIFT_STANDARD_LIBRARIES = YES;
				CODE_SIGN_STYLE = Automatic;
				DEVELOPMENT_TEAM = KEX6V3G4UF;
				INFOPLIST_FILE = LandmarksUITests/Info.plist;
				LD_RUNPATH_SEARCH_PATHS = (
					"$(inherited)",
					"@executable_path/Frameworks",
					"@loader_path/Frameworks",
				);
				PRODUCT_BUNDLE_IDENTIFIER = jake.LandmarksUITests;
				PRODUCT_NAME = "$(TARGET_NAME)";
				SWIFT_VERSION = 5.0;
				TARGETED_DEVICE_FAMILY = "1,2";
				TEST_TARGET_NAME = Landmarks;
			};
			name = Debug;
		};
		42B0E50324145490000B7B4D /* Release */ = {
			isa = XCBuildConfiguration;
			buildSettings = {
				ALWAYS_EMBED_SWIFT_STANDARD_LIBRARIES = YES;
				CODE_SIGN_STYLE = Automatic;
				DEVELOPMENT_TEAM = KEX6V3G4UF;
				INFOPLIST_FILE = LandmarksUITests/Info.plist;
				LD_RUNPATH_SEARCH_PATHS = (
					"$(inherited)",
					"@executable_path/Frameworks",
					"@loader_path/Frameworks",
				);
				PRODUCT_BUNDLE_IDENTIFIER = jake.LandmarksUITests;
				PRODUCT_NAME = "$(TARGET_NAME)";
				SWIFT_VERSION = 5.0;
				TARGETED_DEVICE_FAMILY = "1,2";
				TEST_TARGET_NAME = Landmarks;
			};
			name = Release;
		};
/* End XCBuildConfiguration section */

/* Begin XCConfigurationList section */
		42B0E4C92414548E000B7B4D /* Build configuration list for PBXProject "Landmarks" */ = {
			isa = XCConfigurationList;
			buildConfigurations = (
				42B0E4F924145490000B7B4D /* Debug */,
				42B0E4FA24145490000B7B4D /* Release */,
			);
			defaultConfigurationIsVisible = 0;
			defaultConfigurationName = Release;
		};
		42B0E4FB24145490000B7B4D /* Build configuration list for PBXNativeTarget "Landmarks" */ = {
			isa = XCConfigurationList;
			buildConfigurations = (
				42B0E4FC24145490000B7B4D /* Debug */,
				42B0E4FD24145490000B7B4D /* Release */,
			);
			defaultConfigurationIsVisible = 0;
			defaultConfigurationName = Release;
		};
		42B0E4FE24145490000B7B4D /* Build configuration list for PBXNativeTarget "LandmarksTests" */ = {
			isa = XCConfigurationList;
			buildConfigurations = (
				42B0E4FF24145490000B7B4D /* Debug */,
				42B0E50024145490000B7B4D /* Release */,
			);
			defaultConfigurationIsVisible = 0;
			defaultConfigurationName = Release;
		};
		42B0E50124145490000B7B4D /* Build configuration list for PBXNativeTarget "LandmarksUITests" */ = {
			isa = XCConfigurationList;
			buildConfigurations = (
				42B0E50224145490000B7B4D /* Debug */,
				42B0E50324145490000B7B4D /* Release */,
			);
			defaultConfigurationIsVisible = 0;
			defaultConfigurationName = Release;
		};
/* End XCConfigurationList section */

/* Begin XCVersionGroup section */
		42B0E4D52414548E000B7B4D /* Landmarks.xcdatamodeld */ = {
			isa = XCVersionGroup;
			children = (
				42B0E4D62414548E000B7B4D /* Landmarks.xcdatamodel */,
			);
			currentVersion = 42B0E4D62414548E000B7B4D /* Landmarks.xcdatamodel */;
			path = Landmarks.xcdatamodeld;
			sourceTree = "<group>";
			versionGroupType = wrapper.xcdatamodel;
		};
/* End XCVersionGroup section */
	};
	rootObject = 42B0E4C62414548E000B7B4D /* Project object */;
}
